{
  "name": "res-pareto-boolean",
  "version": "0.3.0",
  "lockfileVersion": 2,
  "requires": true,
  "packages": {
    "": {
      "name": "res-pareto-boolean",
      "version": "0.3.0",
      "license": "ISC",
      "dependencies": {
        "api-pareto-boolean": "^0.3.0",
        "pareto-core-internals": "^0.2.0"
      }
    },
    "node_modules/api-pareto-boolean": {
      "version": "0.3.0",
      "resolved": "https://registry.npmjs.org/api-pareto-boolean/-/api-pareto-boolean-0.3.0.tgz",
      "integrity": "sha512-GsJVrgRedDbU+PIV3Ki6YjAcbGXSZ6y1OWCXPjmbRsn901mx1p8cMN3ImrBz93S+OlSa1b1Ki9uLlkY3RcM2bw==",
      "dependencies": {
        "pareto-core-types": "^0.2.0"
      }
    },
    "node_modules/pareto-core-internals": {
      "version": "0.2.0",
      "resolved": "https://registry.npmjs.org/pareto-core-internals/-/pareto-core-internals-0.2.0.tgz",
      "integrity": "sha512-pMiM+P1IZGSL5ZguzVZVK6UB6s0aL3AEcBc4mxb6gOGEROMi/TcgNiMHwpIzbQ9KbNVjqXRlal9NUVJHkQPrQw==",
      "dependencies": {
        "pareto-core-types": "^0.2.0"
      }
    },
    "node_modules/pareto-core-types": {
      "version": "0.2.0",
      "resolved": "https://registry.npmjs.org/pareto-core-types/-/pareto-core-types-0.2.0.tgz",
      "integrity": "sha512-XopY0slTv5wAObZu0nOSsz6O86K/peQhVu+bqIBMJRKiewjawmIOqa9e8JHlFyXdMHxa0Ek4zDThWQVkiBCsKQ=="
    }
  },
  "dependencies": {
    "api-pareto-boolean": {
      "version": "0.3.0",
      "resolved": "https://registry.npmjs.org/api-pareto-boolean/-/api-pareto-boolean-0.3.0.tgz",
      "integrity": "sha512-GsJVrgRedDbU+PIV3Ki6YjAcbGXSZ6y1OWCXPjmbRsn901mx1p8cMN3ImrBz93S+OlSa1b1Ki9uLlkY3RcM2bw==",
      "requires": {
        "pareto-core-types": "^0.2.0"
      }
    },
    "pareto-core-internals": {
      "version": "0.2.0",
      "resolved": "https://registry.npmjs.org/pareto-core-internals/-/pareto-core-internals-0.2.0.tgz",
      "integrity": "sha512-pMiM+P1IZGSL5ZguzVZVK6UB6s0aL3AEcBc4mxb6gOGEROMi/TcgNiMHwpIzbQ9KbNVjqXRlal9NUVJHkQPrQw==",
      "requires": {
        "pareto-core-types": "^0.2.0"
      }
    },
    "pareto-core-types": {
      "version": "0.2.0",
      "resolved": "https://registry.npmjs.org/pareto-core-types/-/pareto-core-types-0.2.0.tgz",
      "integrity": "sha512-XopY0slTv5wAObZu0nOSsz6O86K/peQhVu+bqIBMJRKiewjawmIOqa9e8JHlFyXdMHxa0Ek4zDThWQVkiBCsKQ=="
    }
  }
}
